
Microsoft Visual Studio Solution File, Format Version 12.00
# Visual Studio 15
VisualStudioVersion = 15.0.27130.2010
MinimumVisualStudioVersion = 10.0.40219.1
Project("{FAE04EC0-301F-11D3-BF4B-00C04F79EFBC}") = "BlogEngine", "BlogEngine\BlogEngine.csproj", "{F1587EAB-5CBE-4501-8FC0-54BCA67A4BD3}"
EndProject
Global
	GlobalSection(SolutionConfigurationPlatforms) = preSolution
		Debug|Any CPU = Debug|Any CPU
		Release|Any CPU = Release|Any CPU
	EndGlobalSection
	GlobalSection(ProjectConfigurationPlatforms) = postSolution
		{F1587EAB-5CBE-4501-8FC0-54BCA67A4BD3}.Debug|Any CPU.ActiveCfg = Debug|Any CPU
		{F1587EAB-5CBE-4501-8FC0-54BCA67A4BD3}.Debug|Any CPU.Build.0 = Debug|Any CPU
		{F1587EAB-5CBE-4501-8FC0-54BCA67A4BD3}.Release|Any CPU.ActiveCfg = Release|Any CPU
		{F1587EAB-5CBE-4501-8FC0-54BCA67A4BD3}.Release|Any CPU.Build.0 = Release|Any CPU
	EndGlobalSection
	GlobalSection(SolutionProperties) = preSolution
		HideSolutionNode = FALSE
	EndGlobalSection
	GlobalSection(ExtensibilityGlobals) = postSolution
		SolutionGuid = {F86AD3D2-21B2-45A9-9B74-87C5E81A369F}
	EndGlobalSection
EndGlobal
